
Microsoft Visual Studio Solution File, Format Version 12.00
# Visual Studio Version 17
VisualStudioVersion = 17.10.35027.167
MinimumVisualStudioVersion = 10.0.40219.1
Project("{FAE04EC0-301F-11D3-BF4B-00C04F79EFBC}") = "Ejercicio de clasificacion de la edad usando if", "Ejercicio de clasificacion de la edad usando if\Ejercicio de clasificacion de la edad usando if.csproj", "{EA91A690-19B9-4F8F-919C-05BF5666B07A}"
EndProject
Global
	GlobalSection(SolutionConfigurationPlatforms) = preSolution
		Debug|Any CPU = Debug|Any CPU
		Release|Any CPU = Release|Any CPU
	EndGlobalSection
	GlobalSection(ProjectConfigurationPlatforms) = postSolution
		{EA91A690-19B9-4F8F-919C-05BF5666B07A}.Debug|Any CPU.ActiveCfg = Debug|Any CPU
		{EA91A690-19B9-4F8F-919C-05BF5666B07A}.Debug|Any CPU.Build.0 = Debug|Any CPU
		{EA91A690-19B9-4F8F-919C-05BF5666B07A}.Release|Any CPU.ActiveCfg = Release|Any CPU
		{EA91A690-19B9-4F8F-919C-05BF5666B07A}.Release|Any CPU.Build.0 = Release|Any CPU
	EndGlobalSection
	GlobalSection(SolutionProperties) = preSolution
		HideSolutionNode = FALSE
	EndGlobalSection
	GlobalSection(ExtensibilityGlobals) = postSolution
		SolutionGuid = {E48C1F19-FE03-4410-98F4-30A9F1D6FB1D}
	EndGlobalSection
EndGlobal
