
Microsoft Visual Studio Solution File, Format Version 12.00
# Visual Studio Version 17
VisualStudioVersion = 17.10.35027.167
MinimumVisualStudioVersion = 10.0.40219.1
Project("{FAE04EC0-301F-11D3-BF4B-00C04F79EFBC}") = "uso del switch y llamadas a medtrodo, saltos de linea", "uso del switch y llamadas a medtrodo, saltos de linea\uso del switch y llamadas a medtrodo, saltos de linea.csproj", "{C042FC14-1CEF-4141-B641-16FF1865A777}"
EndProject
Global
	GlobalSection(SolutionConfigurationPlatforms) = preSolution
		Debug|Any CPU = Debug|Any CPU
		Release|Any CPU = Release|Any CPU
	EndGlobalSection
	GlobalSection(ProjectConfigurationPlatforms) = postSolution
		{C042FC14-1CEF-4141-B641-16FF1865A777}.Debug|Any CPU.ActiveCfg = Debug|Any CPU
		{C042FC14-1CEF-4141-B641-16FF1865A777}.Debug|Any CPU.Build.0 = Debug|Any CPU
		{C042FC14-1CEF-4141-B641-16FF1865A777}.Release|Any CPU.ActiveCfg = Release|Any CPU
		{C042FC14-1CEF-4141-B641-16FF1865A777}.Release|Any CPU.Build.0 = Release|Any CPU
	EndGlobalSection
	GlobalSection(SolutionProperties) = preSolution
		HideSolutionNode = FALSE
	EndGlobalSection
	GlobalSection(ExtensibilityGlobals) = postSolution
		SolutionGuid = {0C460207-7A6E-4360-95F7-55EAB81AAAAA}
	EndGlobalSection
EndGlobal
